
Microsoft Visual Studio Solution File, Format Version 12.00
# Visual Studio Version 17
VisualStudioVersion = 17.0.32112.339
MinimumVisualStudioVersion = 10.0.40219.1
Project("{FAE04EC0-301F-11D3-BF4B-00C04F79EFBC}") = "JsonSerialize", "JsonSerialize\JsonSerialize.csproj", "{7E0674AF-AE77-4237-AFA6-66505C5A46EB}"
EndProject
Project("{FAE04EC0-301F-11D3-BF4B-00C04F79EFBC}") = "GenericJsonSerializer", "GenericJsonSerializer\GenericJsonSerializer.csproj", "{5E4CD48D-9D0F-4CAF-B069-B582D3C921DD}"
EndProject
Global
	GlobalSection(SolutionConfigurationPlatforms) = preSolution
		Debug|Any CPU = Debug|Any CPU
		Release|Any CPU = Release|Any CPU
	EndGlobalSection
	GlobalSection(ProjectConfigurationPlatforms) = postSolution
		{7E0674AF-AE77-4237-AFA6-66505C5A46EB}.Debug|Any CPU.ActiveCfg = Debug|Any CPU
		{7E0674AF-AE77-4237-AFA6-66505C5A46EB}.Debug|Any CPU.Build.0 = Debug|Any CPU
		{7E0674AF-AE77-4237-AFA6-66505C5A46EB}.Release|Any CPU.ActiveCfg = Release|Any CPU
		{7E0674AF-AE77-4237-AFA6-66505C5A46EB}.Release|Any CPU.Build.0 = Release|Any CPU
		{5E4CD48D-9D0F-4CAF-B069-B582D3C921DD}.Debug|Any CPU.ActiveCfg = Debug|Any CPU
		{5E4CD48D-9D0F-4CAF-B069-B582D3C921DD}.Debug|Any CPU.Build.0 = Debug|Any CPU
		{5E4CD48D-9D0F-4CAF-B069-B582D3C921DD}.Release|Any CPU.ActiveCfg = Release|Any CPU
		{5E4CD48D-9D0F-4CAF-B069-B582D3C921DD}.Release|Any CPU.Build.0 = Release|Any CPU
	EndGlobalSection
	GlobalSection(SolutionProperties) = preSolution
		HideSolutionNode = FALSE
	EndGlobalSection
	GlobalSection(ExtensibilityGlobals) = postSolution
		SolutionGuid = {AB5B38DB-3276-46BF-BDEE-F7DDCB5BE410}
	EndGlobalSection
EndGlobal
